%{
  "castore": {:hex, :castore, "0.1.15", "dbb300827d5a3ec48f396ca0b77ad47058578927e9ebe792abd99fcbc3324326", [:mix], [], "hexpm", "c69379b907673c7e6eb229f09a0a09b60bb27cfb9625bcb82ea4c04ba82a8442"},
  "curvy": {:hex, :curvy, "0.3.0", "cd097f77434baf783cd18a8374e1eae37dc203588902a3b59d1b4056ac9e7366", [:mix], [], "hexpm", "1fa6104cb458cfe6962b8353a0a6563bd191f9e72807fca0fa22b5a61809695c"},
  "earmark_parser": {:hex, :earmark_parser, "1.4.19", "de0d033d5ff9fc396a24eadc2fcf2afa3d120841eb3f1004d138cbf9273210e8", [:mix], [], "hexpm", "527ab6630b5c75c3a3960b75844c314ec305c76d9899bb30f71cb85952a9dc45"},
  "ex_doc": {:hex, :ex_doc, "0.28.0", "7eaf526dd8c80ae8c04d52ac8801594426ae322b52a6156cd038f30bafa8226f", [:mix], [{:earmark_parser, "~> 1.4.19", [hex: :earmark_parser, repo: "hexpm", optional: false]}, {:makeup_elixir, "~> 0.14", [hex: :makeup_elixir, repo: "hexpm", optional: false]}, {:makeup_erlang, "~> 0.1", [hex: :makeup_erlang, repo: "hexpm", optional: false]}], "hexpm", "e55cdadf69a5d1f4cfd8477122ebac5e1fadd433a8c1022dafc5025e48db0131"},
  "finch": {:hex, :finch, "0.8.3", "54455e5141ef23962abc1252fadde019a125e472d741962d595bdf5083241ec9", [:mix], [{:castore, "~> 0.1", [hex: :castore, repo: "hexpm", optional: false]}, {:mint, "~> 1.3", [hex: :mint, repo: "hexpm", optional: false]}, {:nimble_options, "~> 0.3.5", [hex: :nimble_options, repo: "hexpm", optional: false]}, {:nimble_pool, "~> 0.2", [hex: :nimble_pool, repo: "hexpm", optional: false]}, {:telemetry, "~> 0.4 or ~> 1.0", [hex: :telemetry, repo: "hexpm", optional: false]}], "hexpm", "9d12a283dbaa60fd789aba5be5b918a107e725f2e9516cddc460fbbb6802e0d7"},
  "hpax": {:hex, :hpax, "0.1.1", "2396c313683ada39e98c20a75a82911592b47e5c24391363343bde74f82396ca", [:mix], [], "hexpm", "0ae7d5a0b04a8a60caf7a39fcf3ec476f35cc2cc16c05abea730d3ce6ac6c826"},
  "jason": {:hex, :jason, "1.3.0", "fa6b82a934feb176263ad2df0dbd91bf633d4a46ebfdffea0c8ae82953714946", [:mix], [{:decimal, "~> 1.0 or ~> 2.0", [hex: :decimal, repo: "hexpm", optional: true]}], "hexpm", "53fc1f51255390e0ec7e50f9cb41e751c260d065dcba2bf0d08dc51a4002c2ac"},
  "makeup": {:hex, :makeup, "1.1.0", "6b67c8bc2882a6b6a445859952a602afc1a41c2e08379ca057c0f525366fc3ca", [:mix], [{:nimble_parsec, "~> 1.2.2 or ~> 1.3", [hex: :nimble_parsec, repo: "hexpm", optional: false]}], "hexpm", "0a45ed501f4a8897f580eabf99a2e5234ea3e75a4373c8a52824f6e873be57a6"},
  "makeup_elixir": {:hex, :makeup_elixir, "0.15.2", "dc72dfe17eb240552857465cc00cce390960d9a0c055c4ccd38b70629227e97c", [:mix], [{:makeup, "~> 1.0", [hex: :makeup, repo: "hexpm", optional: false]}, {:nimble_parsec, "~> 1.1", [hex: :nimble_parsec, repo: "hexpm", optional: false]}], "hexpm", "fd23ae48d09b32eff49d4ced2b43c9f086d402ee4fd4fcb2d7fad97fa8823e75"},
  "makeup_erlang": {:hex, :makeup_erlang, "0.1.1", "3fcb7f09eb9d98dc4d208f49cc955a34218fc41ff6b84df7c75b3e6e533cc65f", [:mix], [{:makeup, "~> 1.0", [hex: :makeup, repo: "hexpm", optional: false]}], "hexpm", "174d0809e98a4ef0b3309256cbf97101c6ec01c4ab0b23e926a9e17df2077cbb"},
  "mime": {:hex, :mime, "2.0.2", "0b9e1a4c840eafb68d820b0e2158ef5c49385d17fb36855ac6e7e087d4b1dcc5", [:mix], [], "hexpm", "e6a3f76b4c277739e36c2e21a2c640778ba4c3846189d5ab19f97f126df5f9b7"},
  "mint": {:hex, :mint, "1.4.1", "49b3b6ea35a9a38836d2ad745251b01ca9ec062f7cb66f546bf22e6699137126", [:mix], [{:castore, "~> 0.1.0", [hex: :castore, repo: "hexpm", optional: true]}, {:hpax, "~> 0.1.1", [hex: :hpax, repo: "hexpm", optional: false]}], "hexpm", "cd261766e61011a9079cccf8fa9d826e7a397c24fbedf0e11b49312bea629b58"},
  "nimble_options": {:hex, :nimble_options, "0.3.7", "1e52dd7673d36138b1a5dede183b5d86dff175dc46d104a8e98e396b85b04670", [:mix], [], "hexpm", "2086907e6665c6b6579be54ef5001928df5231f355f71ed258f80a55e9f63633"},
  "nimble_parsec": {:hex, :nimble_parsec, "1.2.2", "b99ca56bbce410e9d5ee4f9155a212e942e224e259c7ebbf8f2c86ac21d4fa3c", [:mix], [], "hexpm", "98d51bd64d5f6a2a9c6bb7586ee8129e27dfaab1140b5a4753f24dac0ba27d2f"},
  "nimble_pool": {:hex, :nimble_pool, "0.2.5", "de45c2117443696d3d33baf53d0cfd25b742f84f79acafa1b08b52ee3c6b84fc", [:mix], [], "hexpm", "9d44cb33dbdc1301dd62294b56d02c8d74f725a99f667e11c7cc51bde7aa7f2f"},
  "req": {:hex, :req, "0.2.0", "b4afce31dfc9648779e78538347c669abc932f5478692457be237f7874d8aaf1", [:mix], [{:finch, "~> 0.8.1", [hex: :finch, repo: "hexpm", optional: false]}, {:jason, "~> 1.0", [hex: :jason, repo: "hexpm", optional: false]}, {:mime, "~> 1.6 or ~> 2.0", [hex: :mime, repo: "hexpm", optional: false]}, {:nimble_csv, "~> 1.0", [hex: :nimble_csv, repo: "hexpm", optional: true]}], "hexpm", "5e7cafb25a2d6c246d88a66129b80bdd3dd7603d18693cb353763172004b2d1e"},
  "scrypt": {:hex, :scrypt, "2.1.0", "c6dbdde86432103a99442828548fa2d446e488e55c914a2e74c788e2f5d3a234", [:rebar3], [], "hexpm", "ea273459d1f4c412ac898f1c1c69fc003ec8f71ed00336dd6f40e344eba0a60e"},
  "telemetry": {:hex, :telemetry, "1.0.0", "0f453a102cdf13d506b7c0ab158324c337c41f1cc7548f0bc0e130bbf0ae9452", [:rebar3], [], "hexpm", "73bc09fa59b4a0284efb4624335583c528e07ec9ae76aca96ea0673850aec57a"},
}
