%{
  "block_keys": {:hex, :block_keys, "0.1.10", "1d76bed50d7fd93a1b9e42b3a1ed0b7bf4224c0bba4e4fd48e720b3ba8b1faa9", [:mix], [{:keccakf1600, "~> 2.0", [hex: :keccakf1600_otp23, repo: "hexpm", optional: false]}, {:libsecp256k1, "~> 0.1.9", [hex: :libsecp256k1, repo: "hexpm", optional: false]}], "hexpm", "db7392e0d71de8791a5df5e8bab5b94150fc9af9f0b66dfd4691d5e5cc555a22"},
  "castore": {:hex, :castore, "0.1.15", "dbb300827d5a3ec48f396ca0b77ad47058578927e9ebe792abd99fcbc3324326", [:mix], [], "hexpm", "c69379b907673c7e6eb229f09a0a09b60bb27cfb9625bcb82ea4c04ba82a8442"},
  "curvy": {:hex, :curvy, "0.3.0", "cd097f77434baf783cd18a8374e1eae37dc203588902a3b59d1b4056ac9e7366", [:mix], [], "hexpm", "1fa6104cb458cfe6962b8353a0a6563bd191f9e72807fca0fa22b5a61809695c"},
  "decimal": {:hex, :decimal, "2.0.0", "a78296e617b0f5dd4c6caf57c714431347912ffb1d0842e998e9792b5642d697", [:mix], [], "hexpm", "34666e9c55dea81013e77d9d87370fe6cb6291d1ef32f46a1600230b1d44f577"},
  "earmark_parser": {:hex, :earmark_parser, "1.4.20", "89970db71b11b6b89759ce16807e857df154f8df3e807b2920a8c39834a9e5cf", [:mix], [], "hexpm", "1eb0d2dabeeeff200e0d17dc3048a6045aab271f73ebb82e416464832eb57bdd"},
  "ex_doc": {:hex, :ex_doc, "0.28.2", "e031c7d1a9fc40959da7bf89e2dc269ddc5de631f9bd0e326cbddf7d8085a9da", [:mix], [{:earmark_parser, "~> 1.4.19", [hex: :earmark_parser, repo: "hexpm", optional: false]}, {:makeup_elixir, "~> 0.14", [hex: :makeup_elixir, repo: "hexpm", optional: false]}, {:makeup_erlang, "~> 0.1", [hex: :makeup_erlang, repo: "hexpm", optional: false]}], "hexpm", "51ee866993ffbd0e41c084a7677c570d0fc50cb85c6b5e76f8d936d9587fa719"},
  "finch": {:hex, :finch, "0.8.3", "54455e5141ef23962abc1252fadde019a125e472d741962d595bdf5083241ec9", [:mix], [{:castore, "~> 0.1", [hex: :castore, repo: "hexpm", optional: false]}, {:mint, "~> 1.3", [hex: :mint, repo: "hexpm", optional: false]}, {:nimble_options, "~> 0.3.5", [hex: :nimble_options, repo: "hexpm", optional: false]}, {:nimble_pool, "~> 0.2", [hex: :nimble_pool, repo: "hexpm", optional: false]}, {:telemetry, "~> 0.4 or ~> 1.0", [hex: :telemetry, repo: "hexpm", optional: false]}], "hexpm", "9d12a283dbaa60fd789aba5be5b918a107e725f2e9516cddc460fbbb6802e0d7"},
  "hpax": {:hex, :hpax, "0.1.1", "2396c313683ada39e98c20a75a82911592b47e5c24391363343bde74f82396ca", [:mix], [], "hexpm", "0ae7d5a0b04a8a60caf7a39fcf3ec476f35cc2cc16c05abea730d3ce6ac6c826"},
  "jason": {:hex, :jason, "1.3.0", "fa6b82a934feb176263ad2df0dbd91bf633d4a46ebfdffea0c8ae82953714946", [:mix], [{:decimal, "~> 1.0 or ~> 2.0", [hex: :decimal, repo: "hexpm", optional: true]}], "hexpm", "53fc1f51255390e0ec7e50f9cb41e751c260d065dcba2bf0d08dc51a4002c2ac"},
  "keccakf1600": {:hex, :keccakf1600_otp23, "2.0.0", "77f7a1002b9f2972d991cfddb771fb71f600b6f0c125e82f01dff619a9292cb3", [:rebar3], [], "hexpm", "627691e1049eeccec3a12f3fa5d9df33f06dd5a7b81b5f7ebcb152c96d5c87c9"},
  "libsecp256k1": {:hex, :libsecp256k1, "0.1.10", "d27495e2b9851c7765129b76c53b60f5e275bd6ff68292c50536bf6b8d091a4d", [:make, :mix], [{:mix_erlang_tasks, "0.1.0", [hex: :mix_erlang_tasks, repo: "hexpm", optional: false]}], "hexpm", "09ea06239938571124f7f5a27bc9ac45dfb1cfc2df40d46ee9b59c3d51366652"},
  "makeup": {:hex, :makeup, "1.1.0", "6b67c8bc2882a6b6a445859952a602afc1a41c2e08379ca057c0f525366fc3ca", [:mix], [{:nimble_parsec, "~> 1.2.2 or ~> 1.3", [hex: :nimble_parsec, repo: "hexpm", optional: false]}], "hexpm", "0a45ed501f4a8897f580eabf99a2e5234ea3e75a4373c8a52824f6e873be57a6"},
  "makeup_elixir": {:hex, :makeup_elixir, "0.15.2", "dc72dfe17eb240552857465cc00cce390960d9a0c055c4ccd38b70629227e97c", [:mix], [{:makeup, "~> 1.0", [hex: :makeup, repo: "hexpm", optional: false]}, {:nimble_parsec, "~> 1.1", [hex: :nimble_parsec, repo: "hexpm", optional: false]}], "hexpm", "fd23ae48d09b32eff49d4ced2b43c9f086d402ee4fd4fcb2d7fad97fa8823e75"},
  "makeup_erlang": {:hex, :makeup_erlang, "0.1.1", "3fcb7f09eb9d98dc4d208f49cc955a34218fc41ff6b84df7c75b3e6e533cc65f", [:mix], [{:makeup, "~> 1.0", [hex: :makeup, repo: "hexpm", optional: false]}], "hexpm", "174d0809e98a4ef0b3309256cbf97101c6ec01c4ab0b23e926a9e17df2077cbb"},
  "mime": {:hex, :mime, "2.0.2", "0b9e1a4c840eafb68d820b0e2158ef5c49385d17fb36855ac6e7e087d4b1dcc5", [:mix], [], "hexpm", "e6a3f76b4c277739e36c2e21a2c640778ba4c3846189d5ab19f97f126df5f9b7"},
  "mint": {:hex, :mint, "1.4.1", "49b3b6ea35a9a38836d2ad745251b01ca9ec062f7cb66f546bf22e6699137126", [:mix], [{:castore, "~> 0.1.0", [hex: :castore, repo: "hexpm", optional: true]}, {:hpax, "~> 0.1.1", [hex: :hpax, repo: "hexpm", optional: false]}], "hexpm", "cd261766e61011a9079cccf8fa9d826e7a397c24fbedf0e11b49312bea629b58"},
  "mix_erlang_tasks": {:hex, :mix_erlang_tasks, "0.1.0", "36819fec60b80689eb1380938675af215565a89320a9e29c72c70d97512e4649", [:mix], [], "hexpm", "95d2839c422c482a70c08a8702da8242f86b773f8ab6e8602a4eb72da8da04ed"},
  "mox": {:hex, :mox, "1.0.1", "b651bf0113265cda0ba3a827fcb691f848b683c373b77e7d7439910a8d754d6e", [:mix], [], "hexpm", "35bc0dea5499d18db4ef7fe4360067a59b06c74376eb6ab3bd67e6295b133469"},
  "nimble_options": {:hex, :nimble_options, "0.3.7", "1e52dd7673d36138b1a5dede183b5d86dff175dc46d104a8e98e396b85b04670", [:mix], [], "hexpm", "2086907e6665c6b6579be54ef5001928df5231f355f71ed258f80a55e9f63633"},
  "nimble_parsec": {:hex, :nimble_parsec, "1.2.3", "244836e6e3f1200c7f30cb56733fd808744eca61fd182f731eac4af635cc6d0b", [:mix], [], "hexpm", "c8d789e39b9131acf7b99291e93dae60ab48ef14a7ee9d58c6964f59efb570b0"},
  "nimble_pool": {:hex, :nimble_pool, "0.2.6", "91f2f4c357da4c4a0a548286c84a3a28004f68f05609b4534526871a22053cde", [:mix], [], "hexpm", "1c715055095d3f2705c4e236c18b618420a35490da94149ff8b580a2144f653f"},
  "req": {:hex, :req, "0.2.0", "b4afce31dfc9648779e78538347c669abc932f5478692457be237f7874d8aaf1", [:mix], [{:finch, "~> 0.8.1", [hex: :finch, repo: "hexpm", optional: false]}, {:jason, "~> 1.0", [hex: :jason, repo: "hexpm", optional: false]}, {:mime, "~> 1.6 or ~> 2.0", [hex: :mime, repo: "hexpm", optional: false]}, {:nimble_csv, "~> 1.0", [hex: :nimble_csv, repo: "hexpm", optional: true]}], "hexpm", "5e7cafb25a2d6c246d88a66129b80bdd3dd7603d18693cb353763172004b2d1e"},
  "scrypt": {:hex, :scrypt, "2.1.0", "c6dbdde86432103a99442828548fa2d446e488e55c914a2e74c788e2f5d3a234", [:rebar3], [], "hexpm", "ea273459d1f4c412ac898f1c1c69fc003ec8f71ed00336dd6f40e344eba0a60e"},
  "telemetry": {:hex, :telemetry, "1.0.0", "0f453a102cdf13d506b7c0ab158324c337c41f1cc7548f0bc0e130bbf0ae9452", [:rebar3], [], "hexpm", "73bc09fa59b4a0284efb4624335583c528e07ec9ae76aca96ea0673850aec57a"},
}
